// !$*UTF8*$!
{
	archiveVersion = 1;
	classes = {
	};
	objectVersion = 46;
	objects = {

/* Begin PBXBuildFile section */
		D4381DEA1ECED1BF001D3128 /* main.m in Sources */ = {isa = PBXBuildFile; fileRef = D4381DE91ECED1BF001D3128 /* main.m */; };
		D4381DED1ECED1BF001D3128 /* AppDelegate.m in Sources */ = {isa = PBXBuildFile; fileRef = D4381DEC1ECED1BF001D3128 /* AppDelegate.m */; };
		D4381DF31ECED1C0001D3128 /* Main.storyboard in Resources */ = {isa = PBXBuildFile; fileRef = D4381DF11ECED1C0001D3128 /* Main.storyboard */; };
		D4381DF51ECED1C0001D3128 /* Assets.xcassets in Resources */ = {isa = PBXBuildFile; fileRef = D4381DF41ECED1C0001D3128 /* Assets.xcassets */; };
		D4381DF81ECED1C0001D3128 /* LaunchScreen.storyboard in Resources */ = {isa = PBXBuildFile; fileRef = D4381DF61ECED1C0001D3128 /* LaunchScreen.storyboard */; };
		D4381E2A1ECED830001D3128 /* WWBarChartItem.m in Sources */ = {isa = PBXBuildFile; fileRef = D4381E021ECED830001D3128 /* WWBarChartItem.m */; };
		D4381E2B1ECED830001D3128 /* WWBarScrollView.m in Sources */ = {isa = PBXBuildFile; fileRef = D4381E041ECED830001D3128 /* WWBarScrollView.m */; };
		D4381E2C1ECED830001D3128 /* WWBarView.m in Sources */ = {isa = PBXBuildFile; fileRef = D4381E061ECED830001D3128 /* WWBarView.m */; };
		D4381E2D1ECED830001D3128 /* WWBarXAxisItem.m in Sources */ = {isa = PBXBuildFile; fileRef = D4381E081ECED830001D3128 /* WWBarXAxisItem.m */; };
		D4381E2E1ECED830001D3128 /* WWChartBackGroundView.m in Sources */ = {isa = PBXBuildFile; fileRef = D4381E0B1ECED830001D3128 /* WWChartBackGroundView.m */; };
		D4381E2F1ECED830001D3128 /* WWChartEntity.m in Sources */ = {isa = PBXBuildFile; fileRef = D4381E0E1ECED830001D3128 /* WWChartEntity.m */; };
		D4381E301ECED830001D3128 /* WWXAxisView.m in Sources */ = {isa = PBXBuildFile; fileRef = D4381E101ECED830001D3128 /* WWXAxisView.m */; };
		D4381E311ECED830001D3128 /* WWLineChartView.m in Sources */ = {isa = PBXBuildFile; fileRef = D4381E131ECED830001D3128 /* WWLineChartView.m */; };
		D4381E321ECED830001D3128 /* WWLineScrollView.m in Sources */ = {isa = PBXBuildFile; fileRef = D4381E151ECED830001D3128 /* WWLineScrollView.m */; };
		D4381E331ECED830001D3128 /* WWLineXAxisView.m in Sources */ = {isa = PBXBuildFile; fileRef = D4381E171ECED830001D3128 /* WWLineXAxisView.m */; };
		D4381E341ECED830001D3128 /* WWLineYAxisItem.m in Sources */ = {isa = PBXBuildFile; fileRef = D4381E191ECED830001D3128 /* WWLineYAxisItem.m */; };
		D4381E351ECED830001D3128 /* WWPieChartDataItem.m in Sources */ = {isa = PBXBuildFile; fileRef = D4381E1C1ECED830001D3128 /* WWPieChartDataItem.m */; };
		D4381E361ECED830001D3128 /* WWPieCHartLayer.m in Sources */ = {isa = PBXBuildFile; fileRef = D4381E1E1ECED830001D3128 /* WWPieCHartLayer.m */; };
		D4381E371ECED830001D3128 /* WWPieChartView.m in Sources */ = {isa = PBXBuildFile; fileRef = D4381E201ECED830001D3128 /* WWPieChartView.m */; };
		D4381E381ECED830001D3128 /* NSString+DecimalNumber.m in Sources */ = {isa = PBXBuildFile; fileRef = D4381E231ECED830001D3128 /* NSString+DecimalNumber.m */; };
		D4381E3A1ECED830001D3128 /* UIView+Extension.m in Sources */ = {isa = PBXBuildFile; fileRef = D4381E271ECED830001D3128 /* UIView+Extension.m */; };
		D4381E3B1ECED830001D3128 /* WWTool.m in Sources */ = {isa = PBXBuildFile; fileRef = D4381E291ECED830001D3128 /* WWTool.m */; };
		D4381E3E1ECED935001D3128 /* UIImage+Extension.m in Sources */ = {isa = PBXBuildFile; fileRef = D4381E3D1ECED935001D3128 /* UIImage+Extension.m */; };
		D4381E461ECEE159001D3128 /* WWTableViewCell.m in Sources */ = {isa = PBXBuildFile; fileRef = D4381E451ECEE159001D3128 /* WWTableViewCell.m */; };
		D4381E4A1ECEE332001D3128 /* chartbg.png in Resources */ = {isa = PBXBuildFile; fileRef = D4381E471ECEE332001D3128 /* chartbg.png */; };
		D4381E4B1ECEE332001D3128 /* chartbg@2x.png in Resources */ = {isa = PBXBuildFile; fileRef = D4381E481ECEE332001D3128 /* chartbg@2x.png */; };
		D4381E4C1ECEE332001D3128 /* chartbg@3x.png in Resources */ = {isa = PBXBuildFile; fileRef = D4381E491ECEE332001D3128 /* chartbg@3x.png */; };
		D458B8911ECEE61C00C34520 /* WWTableViewController.m in Sources */ = {isa = PBXBuildFile; fileRef = D458B8901ECEE61C00C34520 /* WWTableViewController.m */; };
		D458B8941ECEE96600C34520 /* WWBarViewController.m in Sources */ = {isa = PBXBuildFile; fileRef = D458B8931ECEE96600C34520 /* WWBarViewController.m */; };
		D458B8971ECEE97100C34520 /* WWLineViewController.m in Sources */ = {isa = PBXBuildFile; fileRef = D458B8961ECEE97100C34520 /* WWLineViewController.m */; };
		D458B89A1ECEE98000C34520 /* WWCircleViewController.m in Sources */ = {isa = PBXBuildFile; fileRef = D458B8991ECEE98000C34520 /* WWCircleViewController.m */; };
/* End PBXBuildFile section */

/* Begin PBXFileReference section */
		D4381DE51ECED1BF001D3128 /* WWChartView.app */ = {isa = PBXFileReference; explicitFileType = wrapper.application; includeInIndex = 0; path = WWChartView.app; sourceTree = BUILT_PRODUCTS_DIR; };
		D4381DE91ECED1BF001D3128 /* main.m */ = {isa = PBXFileReference; lastKnownFileType = sourcecode.c.objc; path = main.m; sourceTree = "<group>"; };
		D4381DEB1ECED1BF001D3128 /* AppDelegate.h */ = {isa = PBXFileReference; lastKnownFileType = sourcecode.c.h; path = AppDelegate.h; sourceTree = "<group>"; };
		D4381DEC1ECED1BF001D3128 /* AppDelegate.m */ = {isa = PBXFileReference; lastKnownFileType = sourcecode.c.objc; path = AppDelegate.m; sourceTree = "<group>"; };
		D4381DF21ECED1C0001D3128 /* Base */ = {isa = PBXFileReference; lastKnownFileType = file.storyboard; name = Base; path = Base.lproj/Main.storyboard; sourceTree = "<group>"; };
		D4381DF41ECED1C0001D3128 /* Assets.xcassets */ = {isa = PBXFileReference; lastKnownFileType = folder.assetcatalog; path = Assets.xcassets; sourceTree = "<group>"; };
		D4381DF71ECED1C0001D3128 /* Base */ = {isa = PBXFileReference; lastKnownFileType = file.storyboard; name = Base; path = Base.lproj/LaunchScreen.storyboard; sourceTree = "<group>"; };
		D4381DF91ECED1C0001D3128 /* Info.plist */ = {isa = PBXFileReference; lastKnownFileType = text.plist.xml; path = Info.plist; sourceTree = "<group>"; };
		D4381E011ECED830001D3128 /* WWBarChartItem.h */ = {isa = PBXFileReference; fileEncoding = 4; lastKnownFileType = sourcecode.c.h; path = WWBarChartItem.h; sourceTree = "<group>"; };
		D4381E021ECED830001D3128 /* WWBarChartItem.m */ = {isa = PBXFileReference; fileEncoding = 4; lastKnownFileType = sourcecode.c.objc; path = WWBarChartItem.m; sourceTree = "<group>"; };
		D4381E031ECED830001D3128 /* WWBarScrollView.h */ = {isa = PBXFileReference; fileEncoding = 4; lastKnownFileType = sourcecode.c.h; path = WWBarScrollView.h; sourceTree = "<group>"; };
		D4381E041ECED830001D3128 /* WWBarScrollView.m */ = {isa = PBXFileReference; fileEncoding = 4; lastKnownFileType = sourcecode.c.objc; path = WWBarScrollView.m; sourceTree = "<group>"; };
		D4381E051ECED830001D3128 /* WWBarView.h */ = {isa = PBXFileReference; fileEncoding = 4; lastKnownFileType = sourcecode.c.h; path = WWBarView.h; sourceTree = "<group>"; };
		D4381E061ECED830001D3128 /* WWBarView.m */ = {isa = PBXFileReference; fileEncoding = 4; lastKnownFileType = sourcecode.c.objc; path = WWBarView.m; sourceTree = "<group>"; };
		D4381E071ECED830001D3128 /* WWBarXAxisItem.h */ = {isa = PBXFileReference; fileEncoding = 4; lastKnownFileType = sourcecode.c.h; path = WWBarXAxisItem.h; sourceTree = "<group>"; };
		D4381E081ECED830001D3128 /* WWBarXAxisItem.m */ = {isa = PBXFileReference; fileEncoding = 4; lastKnownFileType = sourcecode.c.objc; path = WWBarXAxisItem.m; sourceTree = "<group>"; };
		D4381E0A1ECED830001D3128 /* WWChartBackGroundView.h */ = {isa = PBXFileReference; fileEncoding = 4; lastKnownFileType = sourcecode.c.h; path = WWChartBackGroundView.h; sourceTree = "<group>"; };
		D4381E0B1ECED830001D3128 /* WWChartBackGroundView.m */ = {isa = PBXFileReference; fileEncoding = 4; lastKnownFileType = sourcecode.c.objc; path = WWChartBackGroundView.m; sourceTree = "<group>"; };
		D4381E0D1ECED830001D3128 /* WWChartEntity.h */ = {isa = PBXFileReference; fileEncoding = 4; lastKnownFileType = sourcecode.c.h; path = WWChartEntity.h; sourceTree = "<group>"; };
		D4381E0E1ECED830001D3128 /* WWChartEntity.m */ = {isa = PBXFileReference; fileEncoding = 4; lastKnownFileType = sourcecode.c.objc; path = WWChartEntity.m; sourceTree = "<group>"; };
		D4381E0F1ECED830001D3128 /* WWXAxisView.h */ = {isa = PBXFileReference; fileEncoding = 4; lastKnownFileType = sourcecode.c.h; path = WWXAxisView.h; sourceTree = "<group>"; };
		D4381E101ECED830001D3128 /* WWXAxisView.m */ = {isa = PBXFileReference; fileEncoding = 4; lastKnownFileType = sourcecode.c.objc; path = WWXAxisView.m; sourceTree = "<group>"; };
		D4381E121ECED830001D3128 /* WWLineChartView.h */ = {isa = PBXFileReference; fileEncoding = 4; lastKnownFileType = sourcecode.c.h; path = WWLineChartView.h; sourceTree = "<group>"; };
		D4381E131ECED830001D3128 /* WWLineChartView.m */ = {isa = PBXFileReference; fileEncoding = 4; lastKnownFileType = sourcecode.c.objc; path = WWLineChartView.m; sourceTree = "<group>"; };
		D4381E141ECED830001D3128 /* WWLineScrollView.h */ = {isa = PBXFileReference; fileEncoding = 4; lastKnownFileType = sourcecode.c.h; path = WWLineScrollView.h; sourceTree = "<group>"; };
		D4381E151ECED830001D3128 /* WWLineScrollView.m */ = {isa = PBXFileReference; fileEncoding = 4; lastKnownFileType = sourcecode.c.objc; path = WWLineScrollView.m; sourceTree = "<group>"; };
		D4381E161ECED830001D3128 /* WWLineXAxisView.h */ = {isa = PBXFileReference; fileEncoding = 4; lastKnownFileType = sourcecode.c.h; path = WWLineXAxisView.h; sourceTree = "<group>"; };
		D4381E171ECED830001D3128 /* WWLineXAxisView.m */ = {isa = PBXFileReference; fileEncoding = 4; lastKnownFileType = sourcecode.c.objc; path = WWLineXAxisView.m; sourceTree = "<group>"; };
		D4381E181ECED830001D3128 /* WWLineYAxisItem.h */ = {isa = PBXFileReference; fileEncoding = 4; lastKnownFileType = sourcecode.c.h; path = WWLineYAxisItem.h; sourceTree = "<group>"; };
		D4381E191ECED830001D3128 /* WWLineYAxisItem.m */ = {isa = PBXFileReference; fileEncoding = 4; lastKnownFileType = sourcecode.c.objc; path = WWLineYAxisItem.m; sourceTree = "<group>"; };
		D4381E1B1ECED830001D3128 /* WWPieChartDataItem.h */ = {isa = PBXFileReference; fileEncoding = 4; lastKnownFileType = sourcecode.c.h; path = WWPieChartDataItem.h; sourceTree = "<group>"; };
		D4381E1C1ECED830001D3128 /* WWPieChartDataItem.m */ = {isa = PBXFileReference; fileEncoding = 4; lastKnownFileType = sourcecode.c.objc; path = WWPieChartDataItem.m; sourceTree = "<group>"; };
		D4381E1D1ECED830001D3128 /* WWPieCHartLayer.h */ = {isa = PBXFileReference; fileEncoding = 4; lastKnownFileType = sourcecode.c.h; path = WWPieCHartLayer.h; sourceTree = "<group>"; };
		D4381E1E1ECED830001D3128 /* WWPieCHartLayer.m */ = {isa = PBXFileReference; fileEncoding = 4; lastKnownFileType = sourcecode.c.objc; path = WWPieCHartLayer.m; sourceTree = "<group>"; };
		D4381E1F1ECED830001D3128 /* WWPieChartView.h */ = {isa = PBXFileReference; fileEncoding = 4; lastKnownFileType = sourcecode.c.h; path = WWPieChartView.h; sourceTree = "<group>"; };
		D4381E201ECED830001D3128 /* WWPieChartView.m */ = {isa = PBXFileReference; fileEncoding = 4; lastKnownFileType = sourcecode.c.objc; path = WWPieChartView.m; sourceTree = "<group>"; };
		D4381E221ECED830001D3128 /* NSString+DecimalNumber.h */ = {isa = PBXFileReference; fileEncoding = 4; lastKnownFileType = sourcecode.c.h; path = "NSString+DecimalNumber.h"; sourceTree = "<group>"; };
		D4381E231ECED830001D3128 /* NSString+DecimalNumber.m */ = {isa = PBXFileReference; fileEncoding = 4; lastKnownFileType = sourcecode.c.objc; path = "NSString+DecimalNumber.m"; sourceTree = "<group>"; };
		D4381E261ECED830001D3128 /* UIView+Extension.h */ = {isa = PBXFileReference; fileEncoding = 4; lastKnownFileType = sourcecode.c.h; path = "UIView+Extension.h"; sourceTree = "<group>"; };
		D4381E271ECED830001D3128 /* UIView+Extension.m */ = {isa = PBXFileReference; fileEncoding = 4; lastKnownFileType = sourcecode.c.objc; path = "UIView+Extension.m"; sourceTree = "<group>"; };
		D4381E281ECED830001D3128 /* WWTool.h */ = {isa = PBXFileReference; fileEncoding = 4; lastKnownFileType = sourcecode.c.h; path = WWTool.h; sourceTree = "<group>"; };
		D4381E291ECED830001D3128 /* WWTool.m */ = {isa = PBXFileReference; fileEncoding = 4; lastKnownFileType = sourcecode.c.objc; path = WWTool.m; sourceTree = "<group>"; };
		D4381E3C1ECED935001D3128 /* UIImage+Extension.h */ = {isa = PBXFileReference; fileEncoding = 4; lastKnownFileType = sourcecode.c.h; path = "UIImage+Extension.h"; sourceTree = "<group>"; };
		D4381E3D1ECED935001D3128 /* UIImage+Extension.m */ = {isa = PBXFileReference; fileEncoding = 4; lastKnownFileType = sourcecode.c.objc; path = "UIImage+Extension.m"; sourceTree = "<group>"; };
		D4381E441ECEE159001D3128 /* WWTableViewCell.h */ = {isa = PBXFileReference; fileEncoding = 4; lastKnownFileType = sourcecode.c.h; name = WWTableViewCell.h; path = ../WWTableViewCell.h; sourceTree = "<group>"; };
		D4381E451ECEE159001D3128 /* WWTableViewCell.m */ = {isa = PBXFileReference; fileEncoding = 4; lastKnownFileType = sourcecode.c.objc; name = WWTableViewCell.m; path = ../WWTableViewCell.m; sourceTree = "<group>"; };
		D4381E471ECEE332001D3128 /* chartbg.png */ = {isa = PBXFileReference; lastKnownFileType = image.png; path = chartbg.png; sourceTree = "<group>"; };
		D4381E481ECEE332001D3128 /* chartbg@2x.png */ = {isa = PBXFileReference; lastKnownFileType = image.png; path = "chartbg@2x.png"; sourceTree = "<group>"; };
		D4381E491ECEE332001D3128 /* chartbg@3x.png */ = {isa = PBXFileReference; lastKnownFileType = image.png; path = "chartbg@3x.png"; sourceTree = "<group>"; };
		D458B88F1ECEE61C00C34520 /* WWTableViewController.h */ = {isa = PBXFileReference; fileEncoding = 4; lastKnownFileType = sourcecode.c.h; path = WWTableViewController.h; sourceTree = "<group>"; };
		D458B8901ECEE61C00C34520 /* WWTableViewController.m */ = {isa = PBXFileReference; fileEncoding = 4; lastKnownFileType = sourcecode.c.objc; path = WWTableViewController.m; sourceTree = "<group>"; };
		D458B8921ECEE96600C34520 /* WWBarViewController.h */ = {isa = PBXFileReference; fileEncoding = 4; lastKnownFileType = sourcecode.c.h; path = WWBarViewController.h; sourceTree = "<group>"; };
		D458B8931ECEE96600C34520 /* WWBarViewController.m */ = {isa = PBXFileReference; fileEncoding = 4; lastKnownFileType = sourcecode.c.objc; path = WWBarViewController.m; sourceTree = "<group>"; };
		D458B8951ECEE97100C34520 /* WWLineViewController.h */ = {isa = PBXFileReference; fileEncoding = 4; lastKnownFileType = sourcecode.c.h; path = WWLineViewController.h; sourceTree = "<group>"; };
		D458B8961ECEE97100C34520 /* WWLineViewController.m */ = {isa = PBXFileReference; fileEncoding = 4; lastKnownFileType = sourcecode.c.objc; path = WWLineViewController.m; sourceTree = "<group>"; };
		D458B8981ECEE98000C34520 /* WWCircleViewController.h */ = {isa = PBXFileReference; fileEncoding = 4; lastKnownFileType = sourcecode.c.h; path = WWCircleViewController.h; sourceTree = "<group>"; };
		D458B8991ECEE98000C34520 /* WWCircleViewController.m */ = {isa = PBXFileReference; fileEncoding = 4; lastKnownFileType = sourcecode.c.objc; path = WWCircleViewController.m; sourceTree = "<group>"; };
/* End PBXFileReference section */

/* Begin PBXFrameworksBuildPhase section */
		D4381DE21ECED1BF001D3128 /* Frameworks */ = {
			isa = PBXFrameworksBuildPhase;
			buildActionMask = 2147483647;
			files = (
			);
			runOnlyForDeploymentPostprocessing = 0;
		};
/* End PBXFrameworksBuildPhase section */

/* Begin PBXGroup section */
		D4381DDC1ECED1BF001D3128 = {
			isa = PBXGroup;
			children = (
				D4381DE71ECED1BF001D3128 /* WWChartView */,
				D4381DE61ECED1BF001D3128 /* Products */,
			);
			sourceTree = "<group>";
		};
		D4381DE61ECED1BF001D3128 /* Products */ = {
			isa = PBXGroup;
			children = (
				D4381DE51ECED1BF001D3128 /* WWChartView.app */,
			);
			name = Products;
			sourceTree = "<group>";
		};
		D4381DE71ECED1BF001D3128 /* WWChartView */ = {
			isa = PBXGroup;
			children = (
				D4381DFF1ECED830001D3128 /* ChartView */,
				D4381DEB1ECED1BF001D3128 /* AppDelegate.h */,
				D4381DEC1ECED1BF001D3128 /* AppDelegate.m */,
				D4381E441ECEE159001D3128 /* WWTableViewCell.h */,
				D4381E451ECEE159001D3128 /* WWTableViewCell.m */,
				D458B88F1ECEE61C00C34520 /* WWTableViewController.h */,
				D458B8901ECEE61C00C34520 /* WWTableViewController.m */,
				D4381DF11ECED1C0001D3128 /* Main.storyboard */,
				D4381DF41ECED1C0001D3128 /* Assets.xcassets */,
				D4381DF61ECED1C0001D3128 /* LaunchScreen.storyboard */,
				D4381DF91ECED1C0001D3128 /* Info.plist */,
				D4381DE81ECED1BF001D3128 /* Supporting Files */,
				D458B8921ECEE96600C34520 /* WWBarViewController.h */,
				D458B8931ECEE96600C34520 /* WWBarViewController.m */,
				D458B8951ECEE97100C34520 /* WWLineViewController.h */,
				D458B8961ECEE97100C34520 /* WWLineViewController.m */,
				D458B8981ECEE98000C34520 /* WWCircleViewController.h */,
				D458B8991ECEE98000C34520 /* WWCircleViewController.m */,
			);
			path = WWChartView;
			sourceTree = "<group>";
		};
		D4381DE81ECED1BF001D3128 /* Supporting Files */ = {
			isa = PBXGroup;
			children = (
				D4381DE91ECED1BF001D3128 /* main.m */,
			);
			name = "Supporting Files";
			sourceTree = "<group>";
		};
		D4381DFF1ECED830001D3128 /* ChartView */ = {
			isa = PBXGroup;
			children = (
				D4381E471ECEE332001D3128 /* chartbg.png */,
				D4381E481ECEE332001D3128 /* chartbg@2x.png */,
				D4381E491ECEE332001D3128 /* chartbg@3x.png */,
				D4381E001ECED830001D3128 /* Bar */,
				D4381E091ECED830001D3128 /* Base */,
				D4381E111ECED830001D3128 /* LineChartView */,
				D4381E1A1ECED830001D3128 /* Pie */,
				D4381E211ECED830001D3128 /* Tool */,
			);
			path = ChartView;
			sourceTree = "<group>";
		};
		D4381E001ECED830001D3128 /* Bar */ = {
			isa = PBXGroup;
			children = (
				D4381E011ECED830001D3128 /* WWBarChartItem.h */,
				D4381E021ECED830001D3128 /* WWBarChartItem.m */,
				D4381E031ECED830001D3128 /* WWBarScrollView.h */,
				D4381E041ECED830001D3128 /* WWBarScrollView.m */,
				D4381E051ECED830001D3128 /* WWBarView.h */,
				D4381E061ECED830001D3128 /* WWBarView.m */,
				D4381E071ECED830001D3128 /* WWBarXAxisItem.h */,
				D4381E081ECED830001D3128 /* WWBarXAxisItem.m */,
			);
			path = Bar;
			sourceTree = "<group>";
		};
		D4381E091ECED830001D3128 /* Base */ = {
			isa = PBXGroup;
			children = (
				D4381E0A1ECED830001D3128 /* WWChartBackGroundView.h */,
				D4381E0B1ECED830001D3128 /* WWChartBackGroundView.m */,
				D4381E0D1ECED830001D3128 /* WWChartEntity.h */,
				D4381E0E1ECED830001D3128 /* WWChartEntity.m */,
				D4381E0F1ECED830001D3128 /* WWXAxisView.h */,
				D4381E101ECED830001D3128 /* WWXAxisView.m */,
			);
			path = Base;
			sourceTree = "<group>";
		};
		D4381E111ECED830001D3128 /* LineChartView */ = {
			isa = PBXGroup;
			children = (
				D4381E121ECED830001D3128 /* WWLineChartView.h */,
				D4381E131ECED830001D3128 /* WWLineChartView.m */,
				D4381E141ECED830001D3128 /* WWLineScrollView.h */,
				D4381E151ECED830001D3128 /* WWLineScrollView.m */,
				D4381E161ECED830001D3128 /* WWLineXAxisView.h */,
				D4381E171ECED830001D3128 /* WWLineXAxisView.m */,
				D4381E181ECED830001D3128 /* WWLineYAxisItem.h */,
				D4381E191ECED830001D3128 /* WWLineYAxisItem.m */,
			);
			path = LineChartView;
			sourceTree = "<group>";
		};
		D4381E1A1ECED830001D3128 /* Pie */ = {
			isa = PBXGroup;
			children = (
				D4381E1B1ECED830001D3128 /* WWPieChartDataItem.h */,
				D4381E1C1ECED830001D3128 /* WWPieChartDataItem.m */,
				D4381E1D1ECED830001D3128 /* WWPieCHartLayer.h */,
				D4381E1E1ECED830001D3128 /* WWPieCHartLayer.m */,
				D4381E1F1ECED830001D3128 /* WWPieChartView.h */,
				D4381E201ECED830001D3128 /* WWPieChartView.m */,
			);
			path = Pie;
			sourceTree = "<group>";
		};
		D4381E211ECED830001D3128 /* Tool */ = {
			isa = PBXGroup;
			children = (
				D4381E3C1ECED935001D3128 /* UIImage+Extension.h */,
				D4381E3D1ECED935001D3128 /* UIImage+Extension.m */,
				D4381E221ECED830001D3128 /* NSString+DecimalNumber.h */,
				D4381E231ECED830001D3128 /* NSString+DecimalNumber.m */,
				D4381E261ECED830001D3128 /* UIView+Extension.h */,
				D4381E271ECED830001D3128 /* UIView+Extension.m */,
				D4381E281ECED830001D3128 /* WWTool.h */,
				D4381E291ECED830001D3128 /* WWTool.m */,
			);
			path = Tool;
			sourceTree = "<group>";
		};
/* End PBXGroup section */

/* Begin PBXNativeTarget section */
		D4381DE41ECED1BF001D3128 /* WWChartView */ = {
			isa = PBXNativeTarget;
			buildConfigurationList = D4381DFC1ECED1C0001D3128 /* Build configuration list for PBXNativeTarget "WWChartView" */;
			buildPhases = (
				D4381DE11ECED1BF001D3128 /* Sources */,
				D4381DE21ECED1BF001D3128 /* Frameworks */,
				D4381DE31ECED1BF001D3128 /* Resources */,
			);
			buildRules = (
			);
			dependencies = (
			);
			name = WWChartView;
			productName = WWChartView;
			productReference = D4381DE51ECED1BF001D3128 /* WWChartView.app */;
			productType = "com.apple.product-type.application";
		};
/* End PBXNativeTarget section */

/* Begin PBXProject section */
		D4381DDD1ECED1BF001D3128 /* Project object */ = {
			isa = PBXProject;
			attributes = {
				LastUpgradeCheck = 0830;
				ORGANIZATIONNAME = ww;
				TargetAttributes = {
					D4381DE41ECED1BF001D3128 = {
						CreatedOnToolsVersion = 8.3.2;
						ProvisioningStyle = Automatic;
					};
				};
			};
			buildConfigurationList = D4381DE01ECED1BF001D3128 /* Build configuration list for PBXProject "WWChartView" */;
			compatibilityVersion = "Xcode 3.2";
			developmentRegion = English;
			hasScannedForEncodings = 0;
			knownRegions = (
				en,
				Base,
			);
			mainGroup = D4381DDC1ECED1BF001D3128;
			productRefGroup = D4381DE61ECED1BF001D3128 /* Products */;
			projectDirPath = "";
			projectRoot = "";
			targets = (
				D4381DE41ECED1BF001D3128 /* WWChartView */,
			);
		};
/* End PBXProject section */

/* Begin PBXResourcesBuildPhase section */
		D4381DE31ECED1BF001D3128 /* Resources */ = {
			isa = PBXResourcesBuildPhase;
			buildActionMask = 2147483647;
			files = (
				D4381E4B1ECEE332001D3128 /* chartbg@2x.png in Resources */,
				D4381DF81ECED1C0001D3128 /* LaunchScreen.storyboard in Resources */,
				D4381E4A1ECEE332001D3128 /* chartbg.png in Resources */,
				D4381DF51ECED1C0001D3128 /* Assets.xcassets in Resources */,
				D4381DF31ECED1C0001D3128 /* Main.storyboard in Resources */,
				D4381E4C1ECEE332001D3128 /* chartbg@3x.png in Resources */,
			);
			runOnlyForDeploymentPostprocessing = 0;
		};
/* End PBXResourcesBuildPhase section */

/* Begin PBXSourcesBuildPhase section */
		D4381DE11ECED1BF001D3128 /* Sources */ = {
			isa = PBXSourcesBuildPhase;
			buildActionMask = 2147483647;
			files = (
				D4381E2C1ECED830001D3128 /* WWBarView.m in Sources */,
				D4381E341ECED830001D3128 /* WWLineYAxisItem.m in Sources */,
				D458B8941ECEE96600C34520 /* WWBarViewController.m in Sources */,
				D4381E371ECED830001D3128 /* WWPieChartView.m in Sources */,
				D4381E2D1ECED830001D3128 /* WWBarXAxisItem.m in Sources */,
				D4381E331ECED830001D3128 /* WWLineXAxisView.m in Sources */,
				D4381E381ECED830001D3128 /* NSString+DecimalNumber.m in Sources */,
				D458B8911ECEE61C00C34520 /* WWTableViewController.m in Sources */,
				D4381DED1ECED1BF001D3128 /* AppDelegate.m in Sources */,
				D4381E3E1ECED935001D3128 /* UIImage+Extension.m in Sources */,
				D458B89A1ECEE98000C34520 /* WWCircleViewController.m in Sources */,
				D4381E301ECED830001D3128 /* WWXAxisView.m in Sources */,
				D4381E3A1ECED830001D3128 /* UIView+Extension.m in Sources */,
				D4381E3B1ECED830001D3128 /* WWTool.m in Sources */,
				D4381E361ECED830001D3128 /* WWPieCHartLayer.m in Sources */,
				D4381E2F1ECED830001D3128 /* WWChartEntity.m in Sources */,
				D4381E2B1ECED830001D3128 /* WWBarScrollView.m in Sources */,
				D4381E351ECED830001D3128 /* WWPieChartDataItem.m in Sources */,
				D4381E2E1ECED830001D3128 /* WWChartBackGroundView.m in Sources */,
				D4381E311ECED830001D3128 /* WWLineChartView.m in Sources */,
				D4381E321ECED830001D3128 /* WWLineScrollView.m in Sources */,
				D4381DEA1ECED1BF001D3128 /* main.m in Sources */,
				D4381E2A1ECED830001D3128 /* WWBarChartItem.m in Sources */,
				D458B8971ECEE97100C34520 /* WWLineViewController.m in Sources */,
				D4381E461ECEE159001D3128 /* WWTableViewCell.m in Sources */,
			);
			runOnlyForDeploymentPostprocessing = 0;
		};
/* End PBXSourcesBuildPhase section */

/* Begin PBXVariantGroup section */
		D4381DF11ECED1C0001D3128 /* Main.storyboard */ = {
			isa = PBXVariantGroup;
			children = (
				D4381DF21ECED1C0001D3128 /* Base */,
			);
			name = Main.storyboard;
			sourceTree = "<group>";
		};
		D4381DF61ECED1C0001D3128 /* LaunchScreen.storyboard */ = {
			isa = PBXVariantGroup;
			children = (
				D4381DF71ECED1C0001D3128 /* Base */,
			);
			name = LaunchScreen.storyboard;
			sourceTree = "<group>";
		};
/* End PBXVariantGroup section */

/* Begin XCBuildConfiguration section */
		D4381DFA1ECED1C0001D3128 /* Debug */ = {
			isa = XCBuildConfiguration;
			buildSettings = {
				ALWAYS_SEARCH_USER_PATHS = NO;
				CLANG_ANALYZER_NONNULL = YES;
				CLANG_ANALYZER_NUMBER_OBJECT_CONVERSION = YES_AGGRESSIVE;
				CLANG_CXX_LANGUAGE_STANDARD = "gnu++0x";
				CLANG_CXX_LIBRARY = "libc++";
				CLANG_ENABLE_MODULES = YES;
				CLANG_ENABLE_OBJC_ARC = YES;
				CLANG_WARN_BOOL_CONVERSION = YES;
				CLANG_WARN_CONSTANT_CONVERSION = YES;
				CLANG_WARN_DIRECT_OBJC_ISA_USAGE = YES_ERROR;
				CLANG_WARN_DOCUMENTATION_COMMENTS = YES;
				CLANG_WARN_EMPTY_BODY = YES;
				CLANG_WARN_ENUM_CONVERSION = YES;
				CLANG_WARN_INFINITE_RECURSION = YES;
				CLANG_WARN_INT_CONVERSION = YES;
				CLANG_WARN_OBJC_ROOT_CLASS = YES_ERROR;
				CLANG_WARN_SUSPICIOUS_MOVE = YES;
				CLANG_WARN_UNREACHABLE_CODE = YES;
				CLANG_WARN__DUPLICATE_METHOD_MATCH = YES;
				"CODE_SIGN_IDENTITY[sdk=iphoneos*]" = "iPhone Developer";
				COPY_PHASE_STRIP = NO;
				DEBUG_INFORMATION_FORMAT = dwarf;
				ENABLE_STRICT_OBJC_MSGSEND = YES;
				ENABLE_TESTABILITY = YES;
				GCC_C_LANGUAGE_STANDARD = gnu99;
				GCC_DYNAMIC_NO_PIC = NO;
				GCC_NO_COMMON_BLOCKS = YES;
				GCC_OPTIMIZATION_LEVEL = 0;
				GCC_PREPROCESSOR_DEFINITIONS = (
					"DEBUG=1",
					"$(inherited)",
				);
				GCC_WARN_64_TO_32_BIT_CONVERSION = YES;
				GCC_WARN_ABOUT_RETURN_TYPE = YES_ERROR;
				GCC_WARN_UNDECLARED_SELECTOR = YES;
				GCC_WARN_UNINITIALIZED_AUTOS = YES_AGGRESSIVE;
				GCC_WARN_UNUSED_FUNCTION = YES;
				GCC_WARN_UNUSED_VARIABLE = YES;
				IPHONEOS_DEPLOYMENT_TARGET = 10.3;
				MTL_ENABLE_DEBUG_INFO = YES;
				ONLY_ACTIVE_ARCH = YES;
				SDKROOT = iphoneos;
				TARGETED_DEVICE_FAMILY = "1,2";
			};
			name = Debug;
		};
		D4381DFB1ECED1C0001D3128 /* Release */ = {
			isa = XCBuildConfiguration;
			buildSettings = {
				ALWAYS_SEARCH_USER_PATHS = NO;
				CLANG_ANALYZER_NONNULL = YES;
				CLANG_ANALYZER_NUMBER_OBJECT_CONVERSION = YES_AGGRESSIVE;
				CLANG_CXX_LANGUAGE_STANDARD = "gnu++0x";
				CLANG_CXX_LIBRARY = "libc++";
				CLANG_ENABLE_MODULES = YES;
				CLANG_ENABLE_OBJC_ARC = YES;
				CLANG_WARN_BOOL_CONVERSION = YES;
				CLANG_WARN_CONSTANT_CONVERSION = YES;
				CLANG_WARN_DIRECT_OBJC_ISA_USAGE = YES_ERROR;
				CLANG_WARN_DOCUMENTATION_COMMENTS = YES;
				CLANG_WARN_EMPTY_BODY = YES;
				CLANG_WARN_ENUM_CONVERSION = YES;
				CLANG_WARN_INFINITE_RECURSION = YES;
				CLANG_WARN_INT_CONVERSION = YES;
				CLANG_WARN_OBJC_ROOT_CLASS = YES_ERROR;
				CLANG_WARN_SUSPICIOUS_MOVE = YES;
				CLANG_WARN_UNREACHABLE_CODE = YES;
				CLANG_WARN__DUPLICATE_METHOD_MATCH = YES;
				"CODE_SIGN_IDENTITY[sdk=iphoneos*]" = "iPhone Developer";
				COPY_PHASE_STRIP = NO;
				DEBUG_INFORMATION_FORMAT = "dwarf-with-dsym";
				ENABLE_NS_ASSERTIONS = NO;
				ENABLE_STRICT_OBJC_MSGSEND = YES;
				GCC_C_LANGUAGE_STANDARD = gnu99;
				GCC_NO_COMMON_BLOCKS = YES;
				GCC_WARN_64_TO_32_BIT_CONVERSION = YES;
				GCC_WARN_ABOUT_RETURN_TYPE = YES_ERROR;
				GCC_WARN_UNDECLARED_SELECTOR = YES;
				GCC_WARN_UNINITIALIZED_AUTOS = YES_AGGRESSIVE;
				GCC_WARN_UNUSED_FUNCTION = YES;
				GCC_WARN_UNUSED_VARIABLE = YES;
				IPHONEOS_DEPLOYMENT_TARGET = 10.3;
				MTL_ENABLE_DEBUG_INFO = NO;
				SDKROOT = iphoneos;
				TARGETED_DEVICE_FAMILY = "1,2";
				VALIDATE_PRODUCT = YES;
			};
			name = Release;
		};
		D4381DFD1ECED1C0001D3128 /* Debug */ = {
			isa = XCBuildConfiguration;
			buildSettings = {
				ASSETCATALOG_COMPILER_APPICON_NAME = AppIcon;
				INFOPLIST_FILE = WWChartView/Info.plist;
				LD_RUNPATH_SEARCH_PATHS = "$(inherited) @executable_path/Frameworks";
				PRODUCT_BUNDLE_IDENTIFIER = www.WWChartView;
				PRODUCT_NAME = "$(TARGET_NAME)";
			};
			name = Debug;
		};
		D4381DFE1ECED1C0001D3128 /* Release */ = {
			isa = XCBuildConfiguration;
			buildSettings = {
				ASSETCATALOG_COMPILER_APPICON_NAME = AppIcon;
				INFOPLIST_FILE = WWChartView/Info.plist;
				LD_RUNPATH_SEARCH_PATHS = "$(inherited) @executable_path/Frameworks";
				PRODUCT_BUNDLE_IDENTIFIER = www.WWChartView;
				PRODUCT_NAME = "$(TARGET_NAME)";
			};
			name = Release;
		};
/* End XCBuildConfiguration section */

/* Begin XCConfigurationList section */
		D4381DE01ECED1BF001D3128 /* Build configuration list for PBXProject "WWChartView" */ = {
			isa = XCConfigurationList;
			buildConfigurations = (
				D4381DFA1ECED1C0001D3128 /* Debug */,
				D4381DFB1ECED1C0001D3128 /* Release */,
			);
			defaultConfigurationIsVisible = 0;
			defaultConfigurationName = Release;
		};
		D4381DFC1ECED1C0001D3128 /* Build configuration list for PBXNativeTarget "WWChartView" */ = {
			isa = XCConfigurationList;
			buildConfigurations = (
				D4381DFD1ECED1C0001D3128 /* Debug */,
				D4381DFE1ECED1C0001D3128 /* Release */,
			);
			defaultConfigurationIsVisible = 0;
			defaultConfigurationName = Release;
		};
/* End XCConfigurationList section */
	};
	rootObject = D4381DDD1ECED1BF001D3128 /* Project object */;
}
